// !$*UTF8*$!
{
	archiveVersion = 1;
	classes = {
	};
	objectVersion = 55;
	objects = {

/* Begin PBXBuildFile section */
		029286DE27C8822D4593D710 /* Pods_insta_instaUITests.framework in Frameworks */ = {isa = PBXBuildFile; fileRef = 5DB210F2E721E8918382D306 /* Pods_insta_instaUITests.framework */; };
		2EC01E00286A2DDF001F62C0 /* AppDelegate.m in Sources */ = {isa = PBXBuildFile; fileRef = 2EC01DFF286A2DDF001F62C0 /* AppDelegate.m */; };
		2EC01E03286A2DDF001F62C0 /* SceneDelegate.m in Sources */ = {isa = PBXBuildFile; fileRef = 2EC01E02286A2DDF001F62C0 /* SceneDelegate.m */; };
		2EC01E09286A2DDF001F62C0 /* Main.storyboard in Resources */ = {isa = PBXBuildFile; fileRef = 2EC01E07286A2DDF001F62C0 /* Main.storyboard */; };
		2EC01E0B286A2DE0001F62C0 /* Assets.xcassets in Resources */ = {isa = PBXBuildFile; fileRef = 2EC01E0A286A2DE0001F62C0 /* Assets.xcassets */; };
		2EC01E0E286A2DE0001F62C0 /* LaunchScreen.storyboard in Resources */ = {isa = PBXBuildFile; fileRef = 2EC01E0C286A2DE0001F62C0 /* LaunchScreen.storyboard */; };
		2EC01E11286A2DE0001F62C0 /* main.m in Sources */ = {isa = PBXBuildFile; fileRef = 2EC01E10286A2DE0001F62C0 /* main.m */; };
		2EC01E1B286A2DE0001F62C0 /* instaTests.m in Sources */ = {isa = PBXBuildFile; fileRef = 2EC01E1A286A2DE0001F62C0 /* instaTests.m */; };
		2EC01E25286A2DE0001F62C0 /* instaUITests.m in Sources */ = {isa = PBXBuildFile; fileRef = 2EC01E24286A2DE0001F62C0 /* instaUITests.m */; };
		2EC01E27286A2DE0001F62C0 /* instaUITestsLaunchTests.m in Sources */ = {isa = PBXBuildFile; fileRef = 2EC01E26286A2DE0001F62C0 /* instaUITestsLaunchTests.m */; };
		2EC01E35286A441C001F62C0 /* LoginViewController.m in Sources */ = {isa = PBXBuildFile; fileRef = 2EC01E34286A441C001F62C0 /* LoginViewController.m */; };
		2EC01E3C286A4ABD001F62C0 /* HomeFeedViewController.m in Sources */ = {isa = PBXBuildFile; fileRef = 2EC01E3B286A4ABD001F62C0 /* HomeFeedViewController.m */; };
		2EC01E3F286A4E3D001F62C0 /* Post.m in Sources */ = {isa = PBXBuildFile; fileRef = 2EC01E3E286A4E3D001F62C0 /* Post.m */; };
		2EFF351D286A60C0008FD63A /* ComposeViewController.m in Sources */ = {isa = PBXBuildFile; fileRef = 2EFF351C286A60C0008FD63A /* ComposeViewController.m */; };
		2EFF3521286A7228008FD63A /* PostCell.m in Sources */ = {isa = PBXBuildFile; fileRef = 2EFF3520286A7228008FD63A /* PostCell.m */; };
		6D927EFA7C1873E28CDB825E /* Pods_instaTests.framework in Frameworks */ = {isa = PBXBuildFile; fileRef = 53418977C9A56B70F26FDD88 /* Pods_instaTests.framework */; };
		C09D47982C018FD50B9DD9A0 /* Pods_insta.framework in Frameworks */ = {isa = PBXBuildFile; fileRef = 45570C89B2E8096AA391EC35 /* Pods_insta.framework */; };
/* End PBXBuildFile section */

/* Begin PBXContainerItemProxy section */
		2EC01E17286A2DE0001F62C0 /* PBXContainerItemProxy */ = {
			isa = PBXContainerItemProxy;
			containerPortal = 2EC01DF3286A2DDF001F62C0 /* Project object */;
			proxyType = 1;
			remoteGlobalIDString = 2EC01DFA286A2DDF001F62C0;
			remoteInfo = insta;
		};
		2EC01E21286A2DE0001F62C0 /* PBXContainerItemProxy */ = {
			isa = PBXContainerItemProxy;
			containerPortal = 2EC01DF3286A2DDF001F62C0 /* Project object */;
			proxyType = 1;
			remoteGlobalIDString = 2EC01DFA286A2DDF001F62C0;
			remoteInfo = insta;
		};
/* End PBXContainerItemProxy section */

/* Begin PBXFileReference section */
		2EC01DFB286A2DDF001F62C0 /* insta.app */ = {isa = PBXFileReference; explicitFileType = wrapper.application; includeInIndex = 0; path = insta.app; sourceTree = BUILT_PRODUCTS_DIR; };
		2EC01DFE286A2DDF001F62C0 /* AppDelegate.h */ = {isa = PBXFileReference; lastKnownFileType = sourcecode.c.h; path = AppDelegate.h; sourceTree = "<group>"; };
		2EC01DFF286A2DDF001F62C0 /* AppDelegate.m */ = {isa = PBXFileReference; lastKnownFileType = sourcecode.c.objc; path = AppDelegate.m; sourceTree = "<group>"; };
		2EC01E01286A2DDF001F62C0 /* SceneDelegate.h */ = {isa = PBXFileReference; lastKnownFileType = sourcecode.c.h; path = SceneDelegate.h; sourceTree = "<group>"; };
		2EC01E02286A2DDF001F62C0 /* SceneDelegate.m */ = {isa = PBXFileReference; lastKnownFileType = sourcecode.c.objc; path = SceneDelegate.m; sourceTree = "<group>"; };
		2EC01E08286A2DDF001F62C0 /* Base */ = {isa = PBXFileReference; lastKnownFileType = file.storyboard; name = Base; path = Base.lproj/Main.storyboard; sourceTree = "<group>"; };
		2EC01E0A286A2DE0001F62C0 /* Assets.xcassets */ = {isa = PBXFileReference; lastKnownFileType = folder.assetcatalog; path = Assets.xcassets; sourceTree = "<group>"; };
		2EC01E0D286A2DE0001F62C0 /* Base */ = {isa = PBXFileReference; lastKnownFileType = file.storyboard; name = Base; path = Base.lproj/LaunchScreen.storyboard; sourceTree = "<group>"; };
		2EC01E0F286A2DE0001F62C0 /* Info.plist */ = {isa = PBXFileReference; lastKnownFileType = text.plist.xml; path = Info.plist; sourceTree = "<group>"; };
		2EC01E10286A2DE0001F62C0 /* main.m */ = {isa = PBXFileReference; lastKnownFileType = sourcecode.c.objc; path = main.m; sourceTree = "<group>"; };
		2EC01E16286A2DE0001F62C0 /* instaTests.xctest */ = {isa = PBXFileReference; explicitFileType = wrapper.cfbundle; includeInIndex = 0; path = instaTests.xctest; sourceTree = BUILT_PRODUCTS_DIR; };
		2EC01E1A286A2DE0001F62C0 /* instaTests.m */ = {isa = PBXFileReference; lastKnownFileType = sourcecode.c.objc; path = instaTests.m; sourceTree = "<group>"; };
		2EC01E20286A2DE0001F62C0 /* instaUITests.xctest */ = {isa = PBXFileReference; explicitFileType = wrapper.cfbundle; includeInIndex = 0; path = instaUITests.xctest; sourceTree = BUILT_PRODUCTS_DIR; };
		2EC01E24286A2DE0001F62C0 /* instaUITests.m */ = {isa = PBXFileReference; lastKnownFileType = sourcecode.c.objc; path = instaUITests.m; sourceTree = "<group>"; };
		2EC01E26286A2DE0001F62C0 /* instaUITestsLaunchTests.m */ = {isa = PBXFileReference; lastKnownFileType = sourcecode.c.objc; path = instaUITestsLaunchTests.m; sourceTree = "<group>"; };
		2EC01E33286A441C001F62C0 /* LoginViewController.h */ = {isa = PBXFileReference; lastKnownFileType = sourcecode.c.h; path = LoginViewController.h; sourceTree = "<group>"; };
		2EC01E34286A441C001F62C0 /* LoginViewController.m */ = {isa = PBXFileReference; lastKnownFileType = sourcecode.c.objc; path = LoginViewController.m; sourceTree = "<group>"; };
		2EC01E3A286A4ABD001F62C0 /* HomeFeedViewController.h */ = {isa = PBXFileReference; lastKnownFileType = sourcecode.c.h; path = HomeFeedViewController.h; sourceTree = "<group>"; };
		2EC01E3B286A4ABD001F62C0 /* HomeFeedViewController.m */ = {isa = PBXFileReference; lastKnownFileType = sourcecode.c.objc; path = HomeFeedViewController.m; sourceTree = "<group>"; };
		2EC01E3D286A4E3D001F62C0 /* Post.h */ = {isa = PBXFileReference; lastKnownFileType = sourcecode.c.h; path = Post.h; sourceTree = "<group>"; };
		2EC01E3E286A4E3D001F62C0 /* Post.m */ = {isa = PBXFileReference; lastKnownFileType = sourcecode.c.objc; path = Post.m; sourceTree = "<group>"; };
		2EFF351B286A60C0008FD63A /* ComposeViewController.h */ = {isa = PBXFileReference; lastKnownFileType = sourcecode.c.h; path = ComposeViewController.h; sourceTree = "<group>"; };
		2EFF351C286A60C0008FD63A /* ComposeViewController.m */ = {isa = PBXFileReference; lastKnownFileType = sourcecode.c.objc; path = ComposeViewController.m; sourceTree = "<group>"; };
		2EFF351F286A7228008FD63A /* PostCell.h */ = {isa = PBXFileReference; lastKnownFileType = sourcecode.c.h; path = PostCell.h; sourceTree = "<group>"; };
		2EFF3520286A7228008FD63A /* PostCell.m */ = {isa = PBXFileReference; lastKnownFileType = sourcecode.c.objc; path = PostCell.m; sourceTree = "<group>"; };
		45570C89B2E8096AA391EC35 /* Pods_insta.framework */ = {isa = PBXFileReference; explicitFileType = wrapper.framework; includeInIndex = 0; path = Pods_insta.framework; sourceTree = BUILT_PRODUCTS_DIR; };
		53418977C9A56B70F26FDD88 /* Pods_instaTests.framework */ = {isa = PBXFileReference; explicitFileType = wrapper.framework; includeInIndex = 0; path = Pods_instaTests.framework; sourceTree = BUILT_PRODUCTS_DIR; };
		5DB210F2E721E8918382D306 /* Pods_insta_instaUITests.framework */ = {isa = PBXFileReference; explicitFileType = wrapper.framework; includeInIndex = 0; path = Pods_insta_instaUITests.framework; sourceTree = BUILT_PRODUCTS_DIR; };
		997E5FAF7955D887BBD3CA4F /* Pods-insta.release.xcconfig */ = {isa = PBXFileReference; includeInIndex = 1; lastKnownFileType = text.xcconfig; name = "Pods-insta.release.xcconfig"; path = "Target Support Files/Pods-insta/Pods-insta.release.xcconfig"; sourceTree = "<group>"; };
		BFFAC7718C404DDFCA8D0555 /* Pods-insta-instaUITests.debug.xcconfig */ = {isa = PBXFileReference; includeInIndex = 1; lastKnownFileType = text.xcconfig; name = "Pods-insta-instaUITests.debug.xcconfig"; path = "Target Support Files/Pods-insta-instaUITests/Pods-insta-instaUITests.debug.xcconfig"; sourceTree = "<group>"; };
		C493DCB6F9C877B429DE1F31 /* Pods-insta.debug.xcconfig */ = {isa = PBXFileReference; includeInIndex = 1; lastKnownFileType = text.xcconfig; name = "Pods-insta.debug.xcconfig"; path = "Target Support Files/Pods-insta/Pods-insta.debug.xcconfig"; sourceTree = "<group>"; };
		CD1F8C0AF273ECB61D3B7B95 /* Pods-instaTests.release.xcconfig */ = {isa = PBXFileReference; includeInIndex = 1; lastKnownFileType = text.xcconfig; name = "Pods-instaTests.release.xcconfig"; path = "Target Support Files/Pods-instaTests/Pods-instaTests.release.xcconfig"; sourceTree = "<group>"; };
		DA97257DD7B4A1E1800873CF /* Pods-insta-instaUITests.release.xcconfig */ = {isa = PBXFileReference; includeInIndex = 1; lastKnownFileType = text.xcconfig; name = "Pods-insta-instaUITests.release.xcconfig"; path = "Target Support Files/Pods-insta-instaUITests/Pods-insta-instaUITests.release.xcconfig"; sourceTree = "<group>"; };
		FC75EFBFBD81443E1B91A167 /* Pods-instaTests.debug.xcconfig */ = {isa = PBXFileReference; includeInIndex = 1; lastKnownFileType = text.xcconfig; name = "Pods-instaTests.debug.xcconfig"; path = "Target Support Files/Pods-instaTests/Pods-instaTests.debug.xcconfig"; sourceTree = "<group>"; };
/* End PBXFileReference section */

/* Begin PBXFrameworksBuildPhase section */
		2EC01DF8286A2DDF001F62C0 /* Frameworks */ = {
			isa = PBXFrameworksBuildPhase;
			buildActionMask = 2147483647;
			files = (
				C09D47982C018FD50B9DD9A0 /* Pods_insta.framework in Frameworks */,
			);
			runOnlyForDeploymentPostprocessing = 0;
		};
		2EC01E13286A2DE0001F62C0 /* Frameworks */ = {
			isa = PBXFrameworksBuildPhase;
			buildActionMask = 2147483647;
			files = (
				6D927EFA7C1873E28CDB825E /* Pods_instaTests.framework in Frameworks */,
			);
			runOnlyForDeploymentPostprocessing = 0;
		};
		2EC01E1D286A2DE0001F62C0 /* Frameworks */ = {
			isa = PBXFrameworksBuildPhase;
			buildActionMask = 2147483647;
			files = (
				029286DE27C8822D4593D710 /* Pods_insta_instaUITests.framework in Frameworks */,
			);
			runOnlyForDeploymentPostprocessing = 0;
		};
/* End PBXFrameworksBuildPhase section */

/* Begin PBXGroup section */
		2851C3C95AD4E89DFDE5C19B /* Frameworks */ = {
			isa = PBXGroup;
			children = (
				45570C89B2E8096AA391EC35 /* Pods_insta.framework */,
				5DB210F2E721E8918382D306 /* Pods_insta_instaUITests.framework */,
				53418977C9A56B70F26FDD88 /* Pods_instaTests.framework */,
			);
			name = Frameworks;
			sourceTree = "<group>";
		};
		2EC01DF2286A2DDF001F62C0 = {
			isa = PBXGroup;
			children = (
				2EC01DFD286A2DDF001F62C0 /* insta */,
				2EC01E19286A2DE0001F62C0 /* instaTests */,
				2EC01E23286A2DE0001F62C0 /* instaUITests */,
				2EC01DFC286A2DDF001F62C0 /* Products */,
				BBF75412084BA04E97AF7024 /* Pods */,
				2851C3C95AD4E89DFDE5C19B /* Frameworks */,
			);
			sourceTree = "<group>";
		};
		2EC01DFC286A2DDF001F62C0 /* Products */ = {
			isa = PBXGroup;
			children = (
				2EC01DFB286A2DDF001F62C0 /* insta.app */,
				2EC01E16286A2DE0001F62C0 /* instaTests.xctest */,
				2EC01E20286A2DE0001F62C0 /* instaUITests.xctest */,
			);
			name = Products;
			sourceTree = "<group>";
		};
		2EC01DFD286A2DDF001F62C0 /* insta */ = {
			isa = PBXGroup;
			children = (
				2EC01DFE286A2DDF001F62C0 /* AppDelegate.h */,
				2EC01DFF286A2DDF001F62C0 /* AppDelegate.m */,
				2EC01E01286A2DDF001F62C0 /* SceneDelegate.h */,
				2EC01E02286A2DDF001F62C0 /* SceneDelegate.m */,
				2EFF351E286A7212008FD63A /* Views */,
				2EC01E39286A4466001F62C0 /* Models */,
				2EC01E36286A4426001F62C0 /* ViewControllers */,
				2EC01E07286A2DDF001F62C0 /* Main.storyboard */,
				2EC01E0A286A2DE0001F62C0 /* Assets.xcassets */,
				2EC01E0C286A2DE0001F62C0 /* LaunchScreen.storyboard */,
				2EC01E0F286A2DE0001F62C0 /* Info.plist */,
				2EC01E10286A2DE0001F62C0 /* main.m */,
			);
			path = insta;
			sourceTree = "<group>";
		};
		2EC01E19286A2DE0001F62C0 /* instaTests */ = {
			isa = PBXGroup;
			children = (
				2EC01E1A286A2DE0001F62C0 /* instaTests.m */,
			);
			path = instaTests;
			sourceTree = "<group>";
		};
		2EC01E23286A2DE0001F62C0 /* instaUITests */ = {
			isa = PBXGroup;
			children = (
				2EC01E24286A2DE0001F62C0 /* instaUITests.m */,
				2EC01E26286A2DE0001F62C0 /* instaUITestsLaunchTests.m */,
			);
			path = instaUITests;
			sourceTree = "<group>";
		};
		2EC01E36286A4426001F62C0 /* ViewControllers */ = {
			isa = PBXGroup;
			children = (
				2EC01E3A286A4ABD001F62C0 /* HomeFeedViewController.h */,
				2EC01E3B286A4ABD001F62C0 /* HomeFeedViewController.m */,
				2EC01E33286A441C001F62C0 /* LoginViewController.h */,
				2EC01E34286A441C001F62C0 /* LoginViewController.m */,
				2EFF351B286A60C0008FD63A /* ComposeViewController.h */,
				2EFF351C286A60C0008FD63A /* ComposeViewController.m */,
			);
			path = ViewControllers;
			sourceTree = "<group>";
		};
		2EC01E39286A4466001F62C0 /* Models */ = {
			isa = PBXGroup;
			children = (
				2EC01E3D286A4E3D001F62C0 /* Post.h */,
				2EC01E3E286A4E3D001F62C0 /* Post.m */,
			);
			path = Models;
			sourceTree = "<group>";
		};
		2EFF351E286A7212008FD63A /* Views */ = {
			isa = PBXGroup;
			children = (
				2EFF351F286A7228008FD63A /* PostCell.h */,
				2EFF3520286A7228008FD63A /* PostCell.m */,
			);
			path = Views;
			sourceTree = "<group>";
		};
		BBF75412084BA04E97AF7024 /* Pods */ = {
			isa = PBXGroup;
			children = (
				C493DCB6F9C877B429DE1F31 /* Pods-insta.debug.xcconfig */,
				997E5FAF7955D887BBD3CA4F /* Pods-insta.release.xcconfig */,
				BFFAC7718C404DDFCA8D0555 /* Pods-insta-instaUITests.debug.xcconfig */,
				DA97257DD7B4A1E1800873CF /* Pods-insta-instaUITests.release.xcconfig */,
				FC75EFBFBD81443E1B91A167 /* Pods-instaTests.debug.xcconfig */,
				CD1F8C0AF273ECB61D3B7B95 /* Pods-instaTests.release.xcconfig */,
			);
			path = Pods;
			sourceTree = "<group>";
		};
/* End PBXGroup section */

/* Begin PBXNativeTarget section */
		2EC01DFA286A2DDF001F62C0 /* insta */ = {
			isa = PBXNativeTarget;
			buildConfigurationList = 2EC01E2A286A2DE0001F62C0 /* Build configuration list for PBXNativeTarget "insta" */;
			buildPhases = (
				27396139F0769FB3BB6BB5B7 /* [CP] Check Pods Manifest.lock */,
				2EC01DF7286A2DDF001F62C0 /* Sources */,
				2EC01DF8286A2DDF001F62C0 /* Frameworks */,
				2EC01DF9286A2DDF001F62C0 /* Resources */,
				BA9D05C99A10C6FCE4D23CF1 /* [CP] Embed Pods Frameworks */,
			);
			buildRules = (
			);
			dependencies = (
			);
			name = insta;
			productName = insta;
			productReference = 2EC01DFB286A2DDF001F62C0 /* insta.app */;
			productType = "com.apple.product-type.application";
		};
		2EC01E15286A2DE0001F62C0 /* instaTests */ = {
			isa = PBXNativeTarget;
			buildConfigurationList = 2EC01E2D286A2DE0001F62C0 /* Build configuration list for PBXNativeTarget "instaTests" */;
			buildPhases = (
				ABDACB0CE6D4C24128A60DA9 /* [CP] Check Pods Manifest.lock */,
				2EC01E12286A2DE0001F62C0 /* Sources */,
				2EC01E13286A2DE0001F62C0 /* Frameworks */,
				2EC01E14286A2DE0001F62C0 /* Resources */,
			);
			buildRules = (
			);
			dependencies = (
				2EC01E18286A2DE0001F62C0 /* PBXTargetDependency */,
			);
			name = instaTests;
			productName = instaTests;
			productReference = 2EC01E16286A2DE0001F62C0 /* instaTests.xctest */;
			productType = "com.apple.product-type.bundle.unit-test";
		};
		2EC01E1F286A2DE0001F62C0 /* instaUITests */ = {
			isa = PBXNativeTarget;
			buildConfigurationList = 2EC01E30286A2DE0001F62C0 /* Build configuration list for PBXNativeTarget "instaUITests" */;
			buildPhases = (
				9938543AD262C6F15175C3AC /* [CP] Check Pods Manifest.lock */,
				2EC01E1C286A2DE0001F62C0 /* Sources */,
				2EC01E1D286A2DE0001F62C0 /* Frameworks */,
				2EC01E1E286A2DE0001F62C0 /* Resources */,
				69C4495D2BBE53411FE5418C /* [CP] Embed Pods Frameworks */,
			);
			buildRules = (
			);
			dependencies = (
				2EC01E22286A2DE0001F62C0 /* PBXTargetDependency */,
			);
			name = instaUITests;
			productName = instaUITests;
			productReference = 2EC01E20286A2DE0001F62C0 /* instaUITests.xctest */;
			productType = "com.apple.product-type.bundle.ui-testing";
		};
/* End PBXNativeTarget section */

/* Begin PBXProject section */
		2EC01DF3286A2DDF001F62C0 /* Project object */ = {
			isa = PBXProject;
			attributes = {
				BuildIndependentTargetsInParallel = 1;
				LastUpgradeCheck = 1340;
				TargetAttributes = {
					2EC01DFA286A2DDF001F62C0 = {
						CreatedOnToolsVersion = 13.4;
					};
					2EC01E15286A2DE0001F62C0 = {
						CreatedOnToolsVersion = 13.4;
						TestTargetID = 2EC01DFA286A2DDF001F62C0;
					};
					2EC01E1F286A2DE0001F62C0 = {
						CreatedOnToolsVersion = 13.4;
						TestTargetID = 2EC01DFA286A2DDF001F62C0;
					};
				};
			};
			buildConfigurationList = 2EC01DF6286A2DDF001F62C0 /* Build configuration list for PBXProject "insta" */;
			compatibilityVersion = "Xcode 13.0";
			developmentRegion = en;
			hasScannedForEncodings = 0;
			knownRegions = (
				en,
				Base,
			);
			mainGroup = 2EC01DF2286A2DDF001F62C0;
			productRefGroup = 2EC01DFC286A2DDF001F62C0 /* Products */;
			projectDirPath = "";
			projectRoot = "";
			targets = (
				2EC01DFA286A2DDF001F62C0 /* insta */,
				2EC01E15286A2DE0001F62C0 /* instaTests */,
				2EC01E1F286A2DE0001F62C0 /* instaUITests */,
			);
		};
/* End PBXProject section */

/* Begin PBXResourcesBuildPhase section */
		2EC01DF9286A2DDF001F62C0 /* Resources */ = {
			isa = PBXResourcesBuildPhase;
			buildActionMask = 2147483647;
			files = (
				2EC01E0E286A2DE0001F62C0 /* LaunchScreen.storyboard in Resources */,
				2EC01E0B286A2DE0001F62C0 /* Assets.xcassets in Resources */,
				2EC01E09286A2DDF001F62C0 /* Main.storyboard in Resources */,
			);
			runOnlyForDeploymentPostprocessing = 0;
		};
		2EC01E14286A2DE0001F62C0 /* Resources */ = {
			isa = PBXResourcesBuildPhase;
			buildActionMask = 2147483647;
			files = (
			);
			runOnlyForDeploymentPostprocessing = 0;
		};
		2EC01E1E286A2DE0001F62C0 /* Resources */ = {
			isa = PBXResourcesBuildPhase;
			buildActionMask = 2147483647;
			files = (
			);
			runOnlyForDeploymentPostprocessing = 0;
		};
/* End PBXResourcesBuildPhase section */

/* Begin PBXShellScriptBuildPhase section */
		27396139F0769FB3BB6BB5B7 /* [CP] Check Pods Manifest.lock */ = {
			isa = PBXShellScriptBuildPhase;
			buildActionMask = 2147483647;
			files = (
			);
			inputFileListPaths = (
			);
			inputPaths = (
				"${PODS_PODFILE_DIR_PATH}/Podfile.lock",
				"${PODS_ROOT}/Manifest.lock",
			);
			name = "[CP] Check Pods Manifest.lock";
			outputFileListPaths = (
			);
			outputPaths = (
				"$(DERIVED_FILE_DIR)/Pods-insta-checkManifestLockResult.txt",
			);
			runOnlyForDeploymentPostprocessing = 0;
			shellPath = /bin/sh;
			shellScript = "diff \"${PODS_PODFILE_DIR_PATH}/Podfile.lock\" \"${PODS_ROOT}/Manifest.lock\" > /dev/null\nif [ $? != 0 ] ; then\n    # print error to STDERR\n    echo \"error: The sandbox is not in sync with the Podfile.lock. Run 'pod install' or update your CocoaPods installation.\" >&2\n    exit 1\nfi\n# This output is used by Xcode 'outputs' to avoid re-running this script phase.\necho \"SUCCESS\" > \"${SCRIPT_OUTPUT_FILE_0}\"\n";
			showEnvVarsInLog = 0;
		};
		69C4495D2BBE53411FE5418C /* [CP] Embed Pods Frameworks */ = {
			isa = PBXShellScriptBuildPhase;
			buildActionMask = 2147483647;
			files = (
			);
			inputFileListPaths = (
				"${PODS_ROOT}/Target Support Files/Pods-insta-instaUITests/Pods-insta-instaUITests-frameworks-${CONFIGURATION}-input-files.xcfilelist",
			);
			name = "[CP] Embed Pods Frameworks";
			outputFileListPaths = (
				"${PODS_ROOT}/Target Support Files/Pods-insta-instaUITests/Pods-insta-instaUITests-frameworks-${CONFIGURATION}-output-files.xcfilelist",
			);
			runOnlyForDeploymentPostprocessing = 0;
			shellPath = /bin/sh;
			shellScript = "\"${PODS_ROOT}/Target Support Files/Pods-insta-instaUITests/Pods-insta-instaUITests-frameworks.sh\"\n";
			showEnvVarsInLog = 0;
		};
		9938543AD262C6F15175C3AC /* [CP] Check Pods Manifest.lock */ = {
			isa = PBXShellScriptBuildPhase;
			buildActionMask = 2147483647;
			files = (
			);
			inputFileListPaths = (
			);
			inputPaths = (
				"${PODS_PODFILE_DIR_PATH}/Podfile.lock",
				"${PODS_ROOT}/Manifest.lock",
			);
			name = "[CP] Check Pods Manifest.lock";
			outputFileListPaths = (
			);
			outputPaths = (
				"$(DERIVED_FILE_DIR)/Pods-insta-instaUITests-checkManifestLockResult.txt",
			);
			runOnlyForDeploymentPostprocessing = 0;
			shellPath = /bin/sh;
			shellScript = "diff \"${PODS_PODFILE_DIR_PATH}/Podfile.lock\" \"${PODS_ROOT}/Manifest.lock\" > /dev/null\nif [ $? != 0 ] ; then\n    # print error to STDERR\n    echo \"error: The sandbox is not in sync with the Podfile.lock. Run 'pod install' or update your CocoaPods installation.\" >&2\n    exit 1\nfi\n# This output is used by Xcode 'outputs' to avoid re-running this script phase.\necho \"SUCCESS\" > \"${SCRIPT_OUTPUT_FILE_0}\"\n";
			showEnvVarsInLog = 0;
		};
		ABDACB0CE6D4C24128A60DA9 /* [CP] Check Pods Manifest.lock */ = {
			isa = PBXShellScriptBuildPhase;
			buildActionMask = 2147483647;
			files = (
			);
			inputFileListPaths = (
			);
			inputPaths = (
				"${PODS_PODFILE_DIR_PATH}/Podfile.lock",
				"${PODS_ROOT}/Manifest.lock",
			);
			name = "[CP] Check Pods Manifest.lock";
			outputFileListPaths = (
			);
			outputPaths = (
				"$(DERIVED_FILE_DIR)/Pods-instaTests-checkManifestLockResult.txt",
			);
			runOnlyForDeploymentPostprocessing = 0;
			shellPath = /bin/sh;
			shellScript = "diff \"${PODS_PODFILE_DIR_PATH}/Podfile.lock\" \"${PODS_ROOT}/Manifest.lock\" > /dev/null\nif [ $? != 0 ] ; then\n    # print error to STDERR\n    echo \"error: The sandbox is not in sync with the Podfile.lock. Run 'pod install' or update your CocoaPods installation.\" >&2\n    exit 1\nfi\n# This output is used by Xcode 'outputs' to avoid re-running this script phase.\necho \"SUCCESS\" > \"${SCRIPT_OUTPUT_FILE_0}\"\n";
			showEnvVarsInLog = 0;
		};
		BA9D05C99A10C6FCE4D23CF1 /* [CP] Embed Pods Frameworks */ = {
			isa = PBXShellScriptBuildPhase;
			buildActionMask = 2147483647;
			files = (
			);
			inputFileListPaths = (
				"${PODS_ROOT}/Target Support Files/Pods-insta/Pods-insta-frameworks-${CONFIGURATION}-input-files.xcfilelist",
			);
			name = "[CP] Embed Pods Frameworks";
			outputFileListPaths = (
				"${PODS_ROOT}/Target Support Files/Pods-insta/Pods-insta-frameworks-${CONFIGURATION}-output-files.xcfilelist",
			);
			runOnlyForDeploymentPostprocessing = 0;
			shellPath = /bin/sh;
			shellScript = "\"${PODS_ROOT}/Target Support Files/Pods-insta/Pods-insta-frameworks.sh\"\n";
			showEnvVarsInLog = 0;
		};
/* End PBXShellScriptBuildPhase section */

/* Begin PBXSourcesBuildPhase section */
		2EC01DF7286A2DDF001F62C0 /* Sources */ = {
			isa = PBXSourcesBuildPhase;
			buildActionMask = 2147483647;
			files = (
				2EC01E3C286A4ABD001F62C0 /* HomeFeedViewController.m in Sources */,
				2EC01E3F286A4E3D001F62C0 /* Post.m in Sources */,
				2EC01E00286A2DDF001F62C0 /* AppDelegate.m in Sources */,
				2EFF3521286A7228008FD63A /* PostCell.m in Sources */,
				2EC01E11286A2DE0001F62C0 /* main.m in Sources */,
				2EC01E03286A2DDF001F62C0 /* SceneDelegate.m in Sources */,
				2EC01E35286A441C001F62C0 /* LoginViewController.m in Sources */,
				2EFF351D286A60C0008FD63A /* ComposeViewController.m in Sources */,
			);
			runOnlyForDeploymentPostprocessing = 0;
		};
		2EC01E12286A2DE0001F62C0 /* Sources */ = {
			isa = PBXSourcesBuildPhase;
			buildActionMask = 2147483647;
			files = (
				2EC01E1B286A2DE0001F62C0 /* instaTests.m in Sources */,
			);
			runOnlyForDeploymentPostprocessing = 0;
		};
		2EC01E1C286A2DE0001F62C0 /* Sources */ = {
			isa = PBXSourcesBuildPhase;
			buildActionMask = 2147483647;
			files = (
				2EC01E27286A2DE0001F62C0 /* instaUITestsLaunchTests.m in Sources */,
				2EC01E25286A2DE0001F62C0 /* instaUITests.m in Sources */,
			);
			runOnlyForDeploymentPostprocessing = 0;
		};
/* End PBXSourcesBuildPhase section */

/* Begin PBXTargetDependency section */
		2EC01E18286A2DE0001F62C0 /* PBXTargetDependency */ = {
			isa = PBXTargetDependency;
			target = 2EC01DFA286A2DDF001F62C0 /* insta */;
			targetProxy = 2EC01E17286A2DE0001F62C0 /* PBXContainerItemProxy */;
		};
		2EC01E22286A2DE0001F62C0 /* PBXTargetDependency */ = {
			isa = PBXTargetDependency;
			target = 2EC01DFA286A2DDF001F62C0 /* insta */;
			targetProxy = 2EC01E21286A2DE0001F62C0 /* PBXContainerItemProxy */;
		};
/* End PBXTargetDependency section */

/* Begin PBXVariantGroup section */
		2EC01E07286A2DDF001F62C0 /* Main.storyboard */ = {
			isa = PBXVariantGroup;
			children = (
				2EC01E08286A2DDF001F62C0 /* Base */,
			);
			name = Main.storyboard;
			sourceTree = "<group>";
		};
		2EC01E0C286A2DE0001F62C0 /* LaunchScreen.storyboard */ = {
			isa = PBXVariantGroup;
			children = (
				2EC01E0D286A2DE0001F62C0 /* Base */,
			);
			name = LaunchScreen.storyboard;
			sourceTree = "<group>";
		};
/* End PBXVariantGroup section */

/* Begin XCBuildConfiguration section */
		2EC01E28286A2DE0001F62C0 /* Debug */ = {
			isa = XCBuildConfiguration;
			buildSettings = {
				ALWAYS_SEARCH_USER_PATHS = NO;
				CLANG_ANALYZER_NONNULL = YES;
				CLANG_ANALYZER_NUMBER_OBJECT_CONVERSION = YES_AGGRESSIVE;
				CLANG_CXX_LANGUAGE_STANDARD = "gnu++17";
				CLANG_ENABLE_MODULES = YES;
				CLANG_ENABLE_OBJC_ARC = YES;
				CLANG_ENABLE_OBJC_WEAK = YES;
				CLANG_WARN_BLOCK_CAPTURE_AUTORELEASING = YES;
				CLANG_WARN_BOOL_CONVERSION = YES;
				CLANG_WARN_COMMA = YES;
				CLANG_WARN_CONSTANT_CONVERSION = YES;
				CLANG_WARN_DEPRECATED_OBJC_IMPLEMENTATIONS = YES;
				CLANG_WARN_DIRECT_OBJC_ISA_USAGE = YES_ERROR;
				CLANG_WARN_DOCUMENTATION_COMMENTS = YES;
				CLANG_WARN_EMPTY_BODY = YES;
				CLANG_WARN_ENUM_CONVERSION = YES;
				CLANG_WARN_INFINITE_RECURSION = YES;
				CLANG_WARN_INT_CONVERSION = YES;
				CLANG_WARN_NON_LITERAL_NULL_CONVERSION = YES;
				CLANG_WARN_OBJC_IMPLICIT_RETAIN_SELF = YES;
				CLANG_WARN_OBJC_LITERAL_CONVERSION = YES;
				CLANG_WARN_OBJC_ROOT_CLASS = YES_ERROR;
				CLANG_WARN_QUOTED_INCLUDE_IN_FRAMEWORK_HEADER = YES;
				CLANG_WARN_RANGE_LOOP_ANALYSIS = YES;
				CLANG_WARN_STRICT_PROTOTYPES = YES;
				CLANG_WARN_SUSPICIOUS_MOVE = YES;
				CLANG_WARN_UNGUARDED_AVAILABILITY = YES_AGGRESSIVE;
				CLANG_WARN_UNREACHABLE_CODE = YES;
				CLANG_WARN__DUPLICATE_METHOD_MATCH = YES;
				COPY_PHASE_STRIP = NO;
				DEBUG_INFORMATION_FORMAT = dwarf;
				ENABLE_STRICT_OBJC_MSGSEND = YES;
				ENABLE_TESTABILITY = YES;
				GCC_C_LANGUAGE_STANDARD = gnu11;
				GCC_DYNAMIC_NO_PIC = NO;
				GCC_NO_COMMON_BLOCKS = YES;
				GCC_OPTIMIZATION_LEVEL = 0;
				GCC_PREPROCESSOR_DEFINITIONS = (
					"DEBUG=1",
					"$(inherited)",
				);
				GCC_WARN_64_TO_32_BIT_CONVERSION = YES;
				GCC_WARN_ABOUT_RETURN_TYPE = YES_ERROR;
				GCC_WARN_UNDECLARED_SELECTOR = YES;
				GCC_WARN_UNINITIALIZED_AUTOS = YES_AGGRESSIVE;
				GCC_WARN_UNUSED_FUNCTION = YES;
				GCC_WARN_UNUSED_VARIABLE = YES;
				IPHONEOS_DEPLOYMENT_TARGET = 15.5;
				MTL_ENABLE_DEBUG_INFO = INCLUDE_SOURCE;
				MTL_FAST_MATH = YES;
				ONLY_ACTIVE_ARCH = YES;
				SDKROOT = iphoneos;
			};
			name = Debug;
		};
		2EC01E29286A2DE0001F62C0 /* Release */ = {
			isa = XCBuildConfiguration;
			buildSettings = {
				ALWAYS_SEARCH_USER_PATHS = NO;
				CLANG_ANALYZER_NONNULL = YES;
				CLANG_ANALYZER_NUMBER_OBJECT_CONVERSION = YES_AGGRESSIVE;
				CLANG_CXX_LANGUAGE_STANDARD = "gnu++17";
				CLANG_ENABLE_MODULES = YES;
				CLANG_ENABLE_OBJC_ARC = YES;
				CLANG_ENABLE_OBJC_WEAK = YES;
				CLANG_WARN_BLOCK_CAPTURE_AUTORELEASING = YES;
				CLANG_WARN_BOOL_CONVERSION = YES;
				CLANG_WARN_COMMA = YES;
				CLANG_WARN_CONSTANT_CONVERSION = YES;
				CLANG_WARN_DEPRECATED_OBJC_IMPLEMENTATIONS = YES;
				CLANG_WARN_DIRECT_OBJC_ISA_USAGE = YES_ERROR;
				CLANG_WARN_DOCUMENTATION_COMMENTS = YES;
				CLANG_WARN_EMPTY_BODY = YES;
				CLANG_WARN_ENUM_CONVERSION = YES;
				CLANG_WARN_INFINITE_RECURSION = YES;
				CLANG_WARN_INT_CONVERSION = YES;
				CLANG_WARN_NON_LITERAL_NULL_CONVERSION = YES;
				CLANG_WARN_OBJC_IMPLICIT_RETAIN_SELF = YES;
				CLANG_WARN_OBJC_LITERAL_CONVERSION = YES;
				CLANG_WARN_OBJC_ROOT_CLASS = YES_ERROR;
				CLANG_WARN_QUOTED_INCLUDE_IN_FRAMEWORK_HEADER = YES;
				CLANG_WARN_RANGE_LOOP_ANALYSIS = YES;
				CLANG_WARN_STRICT_PROTOTYPES = YES;
				CLANG_WARN_SUSPICIOUS_MOVE = YES;
				CLANG_WARN_UNGUARDED_AVAILABILITY = YES_AGGRESSIVE;
				CLANG_WARN_UNREACHABLE_CODE = YES;
				CLANG_WARN__DUPLICATE_METHOD_MATCH = YES;
				COPY_PHASE_STRIP = NO;
				DEBUG_INFORMATION_FORMAT = "dwarf-with-dsym";
				ENABLE_NS_ASSERTIONS = NO;
				ENABLE_STRICT_OBJC_MSGSEND = YES;
				GCC_C_LANGUAGE_STANDARD = gnu11;
				GCC_NO_COMMON_BLOCKS = YES;
				GCC_WARN_64_TO_32_BIT_CONVERSION = YES;
				GCC_WARN_ABOUT_RETURN_TYPE = YES_ERROR;
				GCC_WARN_UNDECLARED_SELECTOR = YES;
				GCC_WARN_UNINITIALIZED_AUTOS = YES_AGGRESSIVE;
				GCC_WARN_UNUSED_FUNCTION = YES;
				GCC_WARN_UNUSED_VARIABLE = YES;
				IPHONEOS_DEPLOYMENT_TARGET = 15.5;
				MTL_ENABLE_DEBUG_INFO = NO;
				MTL_FAST_MATH = YES;
				SDKROOT = iphoneos;
				VALIDATE_PRODUCT = YES;
			};
			name = Release;
		};
		2EC01E2B286A2DE0001F62C0 /* Debug */ = {
			isa = XCBuildConfiguration;
			baseConfigurationReference = C493DCB6F9C877B429DE1F31 /* Pods-insta.debug.xcconfig */;
			buildSettings = {
				ASSETCATALOG_COMPILER_APPICON_NAME = AppIcon;
				ASSETCATALOG_COMPILER_GLOBAL_ACCENT_COLOR_NAME = AccentColor;
				CODE_SIGN_STYLE = Automatic;
				CURRENT_PROJECT_VERSION = 1;
				DEVELOPMENT_TEAM = GAD783T3VR;
				GENERATE_INFOPLIST_FILE = YES;
				INFOPLIST_FILE = insta/Info.plist;
				INFOPLIST_KEY_UIApplicationSupportsIndirectInputEvents = YES;
				INFOPLIST_KEY_UILaunchStoryboardName = LaunchScreen;
				INFOPLIST_KEY_UIMainStoryboardFile = Main;
				INFOPLIST_KEY_UISupportedInterfaceOrientations_iPad = "UIInterfaceOrientationPortrait UIInterfaceOrientationPortraitUpsideDown UIInterfaceOrientationLandscapeLeft UIInterfaceOrientationLandscapeRight";
				INFOPLIST_KEY_UISupportedInterfaceOrientations_iPhone = "UIInterfaceOrientationPortrait UIInterfaceOrientationLandscapeLeft UIInterfaceOrientationLandscapeRight";
				LD_RUNPATH_SEARCH_PATHS = (
					"$(inherited)",
					"@executable_path/Frameworks",
				);
				MARKETING_VERSION = 1.0;
				PRODUCT_BUNDLE_IDENTIFIER = com.codepath.insta;
				PRODUCT_NAME = "$(TARGET_NAME)";
				SWIFT_EMIT_LOC_STRINGS = YES;
				TARGETED_DEVICE_FAMILY = "1,2";
			};
			name = Debug;
		};
		2EC01E2C286A2DE0001F62C0 /* Release */ = {
			isa = XCBuildConfiguration;
			baseConfigurationReference = 997E5FAF7955D887BBD3CA4F /* Pods-insta.release.xcconfig */;
			buildSettings = {
				ASSETCATALOG_COMPILER_APPICON_NAME = AppIcon;
				ASSETCATALOG_COMPILER_GLOBAL_ACCENT_COLOR_NAME = AccentColor;
				CODE_SIGN_STYLE = Automatic;
				CURRENT_PROJECT_VERSION = 1;
				DEVELOPMENT_TEAM = GAD783T3VR;
				GENERATE_INFOPLIST_FILE = YES;
				INFOPLIST_FILE = insta/Info.plist;
				INFOPLIST_KEY_UIApplicationSupportsIndirectInputEvents = YES;
				INFOPLIST_KEY_UILaunchStoryboardName = LaunchScreen;
				INFOPLIST_KEY_UIMainStoryboardFile = Main;
				INFOPLIST_KEY_UISupportedInterfaceOrientations_iPad = "UIInterfaceOrientationPortrait UIInterfaceOrientationPortraitUpsideDown UIInterfaceOrientationLandscapeLeft UIInterfaceOrientationLandscapeRight";
				INFOPLIST_KEY_UISupportedInterfaceOrientations_iPhone = "UIInterfaceOrientationPortrait UIInterfaceOrientationLandscapeLeft UIInterfaceOrientationLandscapeRight";
				LD_RUNPATH_SEARCH_PATHS = (
					"$(inherited)",
					"@executable_path/Frameworks",
				);
				MARKETING_VERSION = 1.0;
				PRODUCT_BUNDLE_IDENTIFIER = com.codepath.insta;
				PRODUCT_NAME = "$(TARGET_NAME)";
				SWIFT_EMIT_LOC_STRINGS = YES;
				TARGETED_DEVICE_FAMILY = "1,2";
			};
			name = Release;
		};
		2EC01E2E286A2DE0001F62C0 /* Debug */ = {
			isa = XCBuildConfiguration;
			baseConfigurationReference = FC75EFBFBD81443E1B91A167 /* Pods-instaTests.debug.xcconfig */;
			buildSettings = {
				BUNDLE_LOADER = "$(TEST_HOST)";
				CODE_SIGN_STYLE = Automatic;
				CURRENT_PROJECT_VERSION = 1;
				DEVELOPMENT_TEAM = GAD783T3VR;
				GENERATE_INFOPLIST_FILE = YES;
				IPHONEOS_DEPLOYMENT_TARGET = 15.5;
				MARKETING_VERSION = 1.0;
				PRODUCT_BUNDLE_IDENTIFIER = com.codepath.instaTests;
				PRODUCT_NAME = "$(TARGET_NAME)";
				SWIFT_EMIT_LOC_STRINGS = NO;
				TARGETED_DEVICE_FAMILY = "1,2";
				TEST_HOST = "$(BUILT_PRODUCTS_DIR)/insta.app/insta";
			};
			name = Debug;
		};
		2EC01E2F286A2DE0001F62C0 /* Release */ = {
			isa = XCBuildConfiguration;
			baseConfigurationReference = CD1F8C0AF273ECB61D3B7B95 /* Pods-instaTests.release.xcconfig */;
			buildSettings = {
				BUNDLE_LOADER = "$(TEST_HOST)";
				CODE_SIGN_STYLE = Automatic;
				CURRENT_PROJECT_VERSION = 1;
				DEVELOPMENT_TEAM = GAD783T3VR;
				GENERATE_INFOPLIST_FILE = YES;
				IPHONEOS_DEPLOYMENT_TARGET = 15.5;
				MARKETING_VERSION = 1.0;
				PRODUCT_BUNDLE_IDENTIFIER = com.codepath.instaTests;
				PRODUCT_NAME = "$(TARGET_NAME)";
				SWIFT_EMIT_LOC_STRINGS = NO;
				TARGETED_DEVICE_FAMILY = "1,2";
				TEST_HOST = "$(BUILT_PRODUCTS_DIR)/insta.app/insta";
			};
			name = Release;
		};
		2EC01E31286A2DE0001F62C0 /* Debug */ = {
			isa = XCBuildConfiguration;
			baseConfigurationReference = BFFAC7718C404DDFCA8D0555 /* Pods-insta-instaUITests.debug.xcconfig */;
			buildSettings = {
				CODE_SIGN_STYLE = Automatic;
				CURRENT_PROJECT_VERSION = 1;
				DEVELOPMENT_TEAM = GAD783T3VR;
				GENERATE_INFOPLIST_FILE = YES;
				MARKETING_VERSION = 1.0;
				PRODUCT_BUNDLE_IDENTIFIER = com.codepath.instaUITests;
				PRODUCT_NAME = "$(TARGET_NAME)";
				SWIFT_EMIT_LOC_STRINGS = NO;
				TARGETED_DEVICE_FAMILY = "1,2";
				TEST_TARGET_NAME = insta;
			};
			name = Debug;
		};
		2EC01E32286A2DE0001F62C0 /* Release */ = {
			isa = XCBuildConfiguration;
			baseConfigurationReference = DA97257DD7B4A1E1800873CF /* Pods-insta-instaUITests.release.xcconfig */;
			buildSettings = {
				CODE_SIGN_STYLE = Automatic;
				CURRENT_PROJECT_VERSION = 1;
				DEVELOPMENT_TEAM = GAD783T3VR;
				GENERATE_INFOPLIST_FILE = YES;
				MARKETING_VERSION = 1.0;
				PRODUCT_BUNDLE_IDENTIFIER = com.codepath.instaUITests;
				PRODUCT_NAME = "$(TARGET_NAME)";
				SWIFT_EMIT_LOC_STRINGS = NO;
				TARGETED_DEVICE_FAMILY = "1,2";
				TEST_TARGET_NAME = insta;
			};
			name = Release;
		};
/* End XCBuildConfiguration section */

/* Begin XCConfigurationList section */
		2EC01DF6286A2DDF001F62C0 /* Build configuration list for PBXProject "insta" */ = {
			isa = XCConfigurationList;
			buildConfigurations = (
				2EC01E28286A2DE0001F62C0 /* Debug */,
				2EC01E29286A2DE0001F62C0 /* Release */,
			);
			defaultConfigurationIsVisible = 0;
			defaultConfigurationName = Release;
		};
		2EC01E2A286A2DE0001F62C0 /* Build configuration list for PBXNativeTarget "insta" */ = {
			isa = XCConfigurationList;
			buildConfigurations = (
				2EC01E2B286A2DE0001F62C0 /* Debug */,
				2EC01E2C286A2DE0001F62C0 /* Release */,
			);
			defaultConfigurationIsVisible = 0;
			defaultConfigurationName = Release;
		};
		2EC01E2D286A2DE0001F62C0 /* Build configuration list for PBXNativeTarget "instaTests" */ = {
			isa = XCConfigurationList;
			buildConfigurations = (
				2EC01E2E286A2DE0001F62C0 /* Debug */,
				2EC01E2F286A2DE0001F62C0 /* Release */,
			);
			defaultConfigurationIsVisible = 0;
			defaultConfigurationName = Release;
		};
		2EC01E30286A2DE0001F62C0 /* Build configuration list for PBXNativeTarget "instaUITests" */ = {
			isa = XCConfigurationList;
			buildConfigurations = (
				2EC01E31286A2DE0001F62C0 /* Debug */,
				2EC01E32286A2DE0001F62C0 /* Release */,
			);
			defaultConfigurationIsVisible = 0;
			defaultConfigurationName = Release;
		};
/* End XCConfigurationList section */
	};
	rootObject = 2EC01DF3286A2DDF001F62C0 /* Project object */;
}
